
Microsoft Visual Studio Solution File, Format Version 12.00
# Visual Studio Version 16
VisualStudioVersion = 16.0.29001.49
MinimumVisualStudioVersion = 10.0.40219.1
Project("{9A19103F-16F7-4668-BE54-9A1E7A4F7556}") = "liivlabs", "livvlabs\liivlabs.csproj", "{57B69E8B-75AA-4EA6-9039-1F67278A908C}"
EndProject
Project("{9A19103F-16F7-4668-BE54-9A1E7A4F7556}") = "liivlabs-core", "liivlabs-core\liivlabs-core.csproj", "{7DC8846A-5F52-45ED-B051-64004AD32000}"
EndProject
Project("{9A19103F-16F7-4668-BE54-9A1E7A4F7556}") = "liivlabs-infrastructure", "liilabs-infrastructure\liivlabs-infrastructure.csproj", "{99A7B46A-7C75-4C1C-AB21-E75C2B0AB725}"
EndProject
Project("{FAE04EC0-301F-11D3-BF4B-00C04F79EFBC}") = "liivlabs-shared", "liivlabs-shared\liivlabs-shared.csproj", "{C2825743-5A8E-45B5-B409-9B766CEB7A2E}"
EndProject
Global
	GlobalSection(SolutionConfigurationPlatforms) = preSolution
		Debug|Any CPU = Debug|Any CPU
		Release|Any CPU = Release|Any CPU
	EndGlobalSection
	GlobalSection(ProjectConfigurationPlatforms) = postSolution
		{57B69E8B-75AA-4EA6-9039-1F67278A908C}.Debug|Any CPU.ActiveCfg = Debug|Any CPU
		{57B69E8B-75AA-4EA6-9039-1F67278A908C}.Debug|Any CPU.Build.0 = Debug|Any CPU
		{57B69E8B-75AA-4EA6-9039-1F67278A908C}.Release|Any CPU.ActiveCfg = Release|Any CPU
		{57B69E8B-75AA-4EA6-9039-1F67278A908C}.Release|Any CPU.Build.0 = Release|Any CPU
		{7DC8846A-5F52-45ED-B051-64004AD32000}.Debug|Any CPU.ActiveCfg = Debug|Any CPU
		{7DC8846A-5F52-45ED-B051-64004AD32000}.Debug|Any CPU.Build.0 = Debug|Any CPU
		{7DC8846A-5F52-45ED-B051-64004AD32000}.Release|Any CPU.ActiveCfg = Release|Any CPU
		{7DC8846A-5F52-45ED-B051-64004AD32000}.Release|Any CPU.Build.0 = Release|Any CPU
		{99A7B46A-7C75-4C1C-AB21-E75C2B0AB725}.Debug|Any CPU.ActiveCfg = Debug|Any CPU
		{99A7B46A-7C75-4C1C-AB21-E75C2B0AB725}.Debug|Any CPU.Build.0 = Debug|Any CPU
		{99A7B46A-7C75-4C1C-AB21-E75C2B0AB725}.Release|Any CPU.ActiveCfg = Release|Any CPU
		{99A7B46A-7C75-4C1C-AB21-E75C2B0AB725}.Release|Any CPU.Build.0 = Release|Any CPU
		{C2825743-5A8E-45B5-B409-9B766CEB7A2E}.Debug|Any CPU.ActiveCfg = Debug|Any CPU
		{C2825743-5A8E-45B5-B409-9B766CEB7A2E}.Debug|Any CPU.Build.0 = Debug|Any CPU
		{C2825743-5A8E-45B5-B409-9B766CEB7A2E}.Release|Any CPU.ActiveCfg = Release|Any CPU
		{C2825743-5A8E-45B5-B409-9B766CEB7A2E}.Release|Any CPU.Build.0 = Release|Any CPU
	EndGlobalSection
	GlobalSection(SolutionProperties) = preSolution
		HideSolutionNode = FALSE
	EndGlobalSection
	GlobalSection(ExtensibilityGlobals) = postSolution
		SolutionGuid = {16678275-0621-4BD2-AAF8-2A39482C302C}
	EndGlobalSection
EndGlobal
